<?xml version="1.0" encoding="utf-8"?>
<Project ToolsVersion="4.0" xmlns="http://schemas.microsoft.com/developer/msbuild/2003">
  <ItemGroup>
    <ClCompile Include="Application.cpp" />
    <ClCompile Include="Debug_Utils.cpp" />
    <ClCompile Include="main.cpp" />
    <ClCompile Include="Maps\Tilemap.cpp">
      <Filter>Maps</Filter>
    </ClCompile>
    <ClCompile Include="ResourceManagers\TextureManager.cpp">
      <Filter>Resource Managers</Filter>
    </ClCompile>
    <ClCompile Include="AnimatedSprite.cpp" />
    <ClCompile Include="Application_debug.cpp" />
    <ClCompile Include="Application_render.cpp" />
    <ClCompile Include="Application_loading.cpp" />
    <ClCompile Include="Renderer.cpp" />
    <ClCompile Include="CollisionMesh.cpp" />
    <ClCompile Include="DialogBox.cpp" />
    <ClCompile Include="Animation.cpp" />
    <ClCompile Include="States\Game_State.cpp">
      <Filter>States</Filter>
    </ClCompile>
    <ClCompile Include="States\Playing_State.cpp">
      <Filter>States</Filter>
    </ClCompile>
    <ClCompile Include="Application_states.cpp" />
    <ClCompile Include="Loading_State.cpp">
      <Filter>States</Filter>
    </ClCompile>
    <ClCompile Include="TilemapManager.cpp" />
    <ClCompile Include="Camera.cpp" />
    <ClCompile Include="Lua\lapi.c">
      <Filter>Lua</Filter>
    </ClCompile>
    <ClCompile Include="Lua\lauxlib.c">
      <Filter>Lua</Filter>
    </ClCompile>
    <ClCompile Include="Lua\lbaselib.c">
      <Filter>Lua</Filter>
    </ClCompile>
    <ClCompile Include="Lua\lbitlib.c">
      <Filter>Lua</Filter>
    </ClCompile>
    <ClCompile Include="Lua\lcode.c">
      <Filter>Lua</Filter>
    </ClCompile>
    <ClCompile Include="Lua\lcorolib.c">
      <Filter>Lua</Filter>
    </ClCompile>
    <ClCompile Include="Lua\lctype.c">
      <Filter>Lua</Filter>
    </ClCompile>
    <ClCompile Include="Lua\ldblib.c">
      <Filter>Lua</Filter>
    </ClCompile>
    <ClCompile Include="Lua\ldebug.c">
      <Filter>Lua</Filter>
    </ClCompile>
    <ClCompile Include="Lua\ldo.c">
      <Filter>Lua</Filter>
    </ClCompile>
    <ClCompile Include="Lua\ldump.c">
      <Filter>Lua</Filter>
    </ClCompile>
    <ClCompile Include="Lua\lfunc.c">
      <Filter>Lua</Filter>
    </ClCompile>
    <ClCompile Include="Lua\lgc.c">
      <Filter>Lua</Filter>
    </ClCompile>
    <ClCompile Include="Lua\linit.c">
      <Filter>Lua</Filter>
    </ClCompile>
    <ClCompile Include="Lua\liolib.c">
      <Filter>Lua</Filter>
    </ClCompile>
    <ClCompile Include="Lua\llex.c">
      <Filter>Lua</Filter>
    </ClCompile>
    <ClCompile Include="Lua\lmathlib.c">
      <Filter>Lua</Filter>
    </ClCompile>
    <ClCompile Include="Lua\lmem.c">
      <Filter>Lua</Filter>
    </ClCompile>
    <ClCompile Include="Lua\loadlib.c">
      <Filter>Lua</Filter>
    </ClCompile>
    <ClCompile Include="Lua\lobject.c">
      <Filter>Lua</Filter>
    </ClCompile>
    <ClCompile Include="Lua\lopcodes.c">
      <Filter>Lua</Filter>
    </ClCompile>
    <ClCompile Include="Lua\loslib.c">
      <Filter>Lua</Filter>
    </ClCompile>
    <ClCompile Include="Lua\lparser.c">
      <Filter>Lua</Filter>
    </ClCompile>
    <ClCompile Include="Lua\lstate.c">
      <Filter>Lua</Filter>
    </ClCompile>
    <ClCompile Include="Lua\lstring.c">
      <Filter>Lua</Filter>
    </ClCompile>
    <ClCompile Include="Lua\lstrlib.c">
      <Filter>Lua</Filter>
    </ClCompile>
    <ClCompile Include="Lua\ltable.c">
      <Filter>Lua</Filter>
    </ClCompile>
    <ClCompile Include="Lua\ltablib.c">
      <Filter>Lua</Filter>
    </ClCompile>
    <ClCompile Include="Lua\ltm.c">
      <Filter>Lua</Filter>
    </ClCompile>
    <ClCompile Include="Lua\lundump.c">
      <Filter>Lua</Filter>
    </ClCompile>
    <ClCompile Include="Lua\lutf8lib.c">
      <Filter>Lua</Filter>
    </ClCompile>
    <ClCompile Include="Lua\lvm.c">
      <Filter>Lua</Filter>
    </ClCompile>
    <ClCompile Include="Lua\lzio.c">
      <Filter>Lua</Filter>
    </ClCompile>
    <ClCompile Include="Lua_Main.cpp">
      <Filter>Lua</Filter>
    </ClCompile>
    <ClCompile Include="Entity.cpp" />
  </ItemGroup>
  <ItemGroup>
    <ClInclude Include="Application.hpp" />
    <ClInclude Include="build_info.hpp" />
    <ClInclude Include="Debug_Utils.hpp" />
    <ClInclude Include="ResourceManagers\TextureManager.hpp">
      <Filter>Resource Managers</Filter>
    </ClInclude>
    <ClInclude Include="AnimatedSprite.hpp" />
    <ClInclude Include="Renderer.hpp" />
    <ClInclude Include="CollisionMesh.hpp" />
    <ClInclude Include="DialogBox.hpp" />
    <ClInclude Include="Animation.hpp" />
    <ClInclude Include="States\Game_State.hpp">
      <Filter>States</Filter>
    </ClInclude>
    <ClInclude Include="States\Playing_State.hpp">
      <Filter>States</Filter>
    </ClInclude>
    <ClInclude Include="Builtins.hpp" />
    <ClInclude Include="Loading_State.hpp">
      <Filter>States</Filter>
    </ClInclude>
    <ClInclude Include="Maps\Tilemap.hpp">
      <Filter>Maps</Filter>
    </ClInclude>
    <ClInclude Include="TilemapManager.hpp" />
    <ClInclude Include="Camera.hpp" />
    <ClInclude Include="Lua\lapi.h">
      <Filter>Lua</Filter>
    </ClInclude>
    <ClInclude Include="Lua\lauxlib.h">
      <Filter>Lua</Filter>
    </ClInclude>
    <ClInclude Include="Lua\lcode.h">
      <Filter>Lua</Filter>
    </ClInclude>
    <ClInclude Include="Lua\lctype.h">
      <Filter>Lua</Filter>
    </ClInclude>
    <ClInclude Include="Lua\ldebug.h">
      <Filter>Lua</Filter>
    </ClInclude>
    <ClInclude Include="Lua\ldo.h">
      <Filter>Lua</Filter>
    </ClInclude>
    <ClInclude Include="Lua\lfunc.h">
      <Filter>Lua</Filter>
    </ClInclude>
    <ClInclude Include="Lua\lgc.h">
      <Filter>Lua</Filter>
    </ClInclude>
    <ClInclude Include="Lua\llex.h">
      <Filter>Lua</Filter>
    </ClInclude>
    <ClInclude Include="Lua\llimits.h">
      <Filter>Lua</Filter>
    </ClInclude>
    <ClInclude Include="Lua\lmem.h">
      <Filter>Lua</Filter>
    </ClInclude>
    <ClInclude Include="Lua\lobject.h">
      <Filter>Lua</Filter>
    </ClInclude>
    <ClInclude Include="Lua\lopcodes.h">
      <Filter>Lua</Filter>
    </ClInclude>
    <ClInclude Include="Lua\lparser.h">
      <Filter>Lua</Filter>
    </ClInclude>
    <ClInclude Include="Lua\lprefix.h">
      <Filter>Lua</Filter>
    </ClInclude>
    <ClInclude Include="Lua\lstate.h">
      <Filter>Lua</Filter>
    </ClInclude>
    <ClInclude Include="Lua\lstring.h">
      <Filter>Lua</Filter>
    </ClInclude>
    <ClInclude Include="Lua\ltable.h">
      <Filter>Lua</Filter>
    </ClInclude>
    <ClInclude Include="Lua\ltm.h">
      <Filter>Lua</Filter>
    </ClInclude>
    <ClInclude Include="Lua\lua.h">
      <Filter>Lua</Filter>
    </ClInclude>
    <ClInclude Include="Lua\lua.hpp">
      <Filter>Lua</Filter>
    </ClInclude>
    <ClInclude Include="Lua\luaconf.h">
      <Filter>Lua</Filter>
    </ClInclude>
    <ClInclude Include="Lua\lualib.h">
      <Filter>Lua</Filter>
    </ClInclude>
    <ClInclude Include="Lua\lundump.h">
      <Filter>Lua</Filter>
    </ClInclude>
    <ClInclude Include="Lua\lvm.h">
      <Filter>Lua</Filter>
    </ClInclude>
    <ClInclude Include="Lua\lzio.h">
      <Filter>Lua</Filter>
    </ClInclude>
    <ClInclude Include="Lua_Main.hpp">
      <Filter>Lua</Filter>
    </ClInclude>
    <ClInclude Include="Entity.hpp" />
  </ItemGroup>
  <ItemGroup>
    <Filter Include="Maps">
      <UniqueIdentifier>{8f5e2f4d-87fb-443d-b11f-9c7c98e7e88c}</UniqueIdentifier>
    </Filter>
    <Filter Include="Resource Managers">
      <UniqueIdentifier>{b8b29709-c7ea-43b0-a8a2-7f90d720d1a0}</UniqueIdentifier>
    </Filter>
    <Filter Include="States">
      <UniqueIdentifier>{3a7af371-b608-48d8-89a4-82c6333f8664}</UniqueIdentifier>
    </Filter>
    <Filter Include="Misc">
      <UniqueIdentifier>{9a86b8db-8d25-4acf-b946-4c7954eaa924}</UniqueIdentifier>
    </Filter>
    <Filter Include="Lua">
      <UniqueIdentifier>{14a0f542-4b88-4672-9b1c-e837852cc4c2}</UniqueIdentifier>
    </Filter>
  </ItemGroup>
  <ItemGroup>
    <Text Include="Todo.txt">
      <Filter>Misc</Filter>
    </Text>
  </ItemGroup>
  <ItemGroup>
    <None Include="Lua\Makefile">
      <Filter>Lua</Filter>
    </None>
  </ItemGroup>
</Project>